Microsoft Visual Studio Solution File, Format Version 12.00
# Visual Studio Version 17
VisualStudioVersion = 17.5.2.0
MinimumVisualStudioVersion = 10.0.40219.1
Project("{FAE04EC0-301F-11D3-BF4B-00C04F79EFBC}") = "EasyStock.Sprint3", "EasyStock.Sprint3.csproj", "{A254DFD6-0BDC-58B3-E780-F87D94AF68B7}"
EndProject
Project("{2150E333-8FDC-42A3-9474-1A3956D46DE8}") = "tests", "tests", "{0AB3BF05-4346-4AA6-1389-037BE0695223}"
EndProject
Project("{FAE04EC0-301F-11D3-BF4B-00C04F79EFBC}") = "EasyStock.Sprint3.Tests", "tests\EasyStock.Sprint3.Tests\EasyStock.Sprint3.Tests.csproj", "{0CA77849-D560-68AB-E5FD-E867C93E2A26}"
EndProject
Global
	GlobalSection(SolutionConfigurationPlatforms) = preSolution
		Debug|Any CPU = Debug|Any CPU
		Release|Any CPU = Release|Any CPU
	EndGlobalSection
	GlobalSection(ProjectConfigurationPlatforms) = postSolution
		{A254DFD6-0BDC-58B3-E780-F87D94AF68B7}.Debug|Any CPU.ActiveCfg = Debug|Any CPU
		{A254DFD6-0BDC-58B3-E780-F87D94AF68B7}.Debug|Any CPU.Build.0 = Debug|Any CPU
		{A254DFD6-0BDC-58B3-E780-F87D94AF68B7}.Release|Any CPU.ActiveCfg = Release|Any CPU
		{A254DFD6-0BDC-58B3-E780-F87D94AF68B7}.Release|Any CPU.Build.0 = Release|Any CPU
		{0CA77849-D560-68AB-E5FD-E867C93E2A26}.Debug|Any CPU.ActiveCfg = Debug|Any CPU
		{0CA77849-D560-68AB-E5FD-E867C93E2A26}.Debug|Any CPU.Build.0 = Debug|Any CPU
		{0CA77849-D560-68AB-E5FD-E867C93E2A26}.Release|Any CPU.ActiveCfg = Release|Any CPU
		{0CA77849-D560-68AB-E5FD-E867C93E2A26}.Release|Any CPU.Build.0 = Release|Any CPU
	EndGlobalSection
	GlobalSection(SolutionProperties) = preSolution
		HideSolutionNode = FALSE
	EndGlobalSection
	GlobalSection(NestedProjects) = preSolution
		{0CA77849-D560-68AB-E5FD-E867C93E2A26} = {0AB3BF05-4346-4AA6-1389-037BE0695223}
	EndGlobalSection
	GlobalSection(ExtensibilityGlobals) = postSolution
		SolutionGuid = {ECCCD3DE-468F-43A1-9857-FFB6F54C7DE3}
	EndGlobalSection
EndGlobal
